
Microsoft Visual Studio Solution File, Format Version 12.00
# Visual Studio Version 16
VisualStudioVersion = 16.0.30204.135
MinimumVisualStudioVersion = 10.0.40219.1
Project("{8BC9CEB8-8B4A-11D0-8D11-00A0C91BC942}") = "Hazel", "Hazel\Hazel.vcxproj", "{1531A679-FC3A-4033-B40A-F0C07B6745BD}"
EndProject
Project("{8BC9CEB8-8B4A-11D0-8D11-00A0C91BC942}") = "Sandbox", "Sandbox\Sandbox.vcxproj", "{BEF06B7C-0AC7-4825-BBB1-CCBBEC70173C}"
EndProject
Global
	GlobalSection(SolutionConfigurationPlatforms) = preSolution
		Debug|x64 = Debug|x64
		Release|x64 = Release|x64
	EndGlobalSection
	GlobalSection(ProjectConfigurationPlatforms) = postSolution
		{1531A679-FC3A-4033-B40A-F0C07B6745BD}.Debug|x64.ActiveCfg = Debug|x64
		{1531A679-FC3A-4033-B40A-F0C07B6745BD}.Debug|x64.Build.0 = Debug|x64
		{1531A679-FC3A-4033-B40A-F0C07B6745BD}.Release|x64.ActiveCfg = Debug|x64
		{1531A679-FC3A-4033-B40A-F0C07B6745BD}.Release|x64.Build.0 = Debug|x64
		{BEF06B7C-0AC7-4825-BBB1-CCBBEC70173C}.Debug|x64.ActiveCfg = Debug|x64
		{BEF06B7C-0AC7-4825-BBB1-CCBBEC70173C}.Debug|x64.Build.0 = Debug|x64
		{BEF06B7C-0AC7-4825-BBB1-CCBBEC70173C}.Release|x64.ActiveCfg = Debug|x64
		{BEF06B7C-0AC7-4825-BBB1-CCBBEC70173C}.Release|x64.Build.0 = Debug|x64
	EndGlobalSection
	GlobalSection(SolutionProperties) = preSolution
		HideSolutionNode = FALSE
	EndGlobalSection
	GlobalSection(ExtensibilityGlobals) = postSolution
		SolutionGuid = {16CDE6B9-543F-482B-9399-799010C488E6}
	EndGlobalSection
EndGlobal
