
Microsoft Visual Studio Solution File, Format Version 12.00
# Visual Studio Version 16
VisualStudioVersion = 16.0.29613.14
MinimumVisualStudioVersion = 10.0.40219.1
Project("{8BC9CEB8-8B4A-11D0-8D11-00A0C91BC942}") = "ConsoleApplication4", "ConsoleApplication4\ConsoleApplication4.vcxproj", "{766156B1-D528-4FBD-8744-1C6EAEF2BC53}"
EndProject
Global
	GlobalSection(SolutionConfigurationPlatforms) = preSolution
		Debug|x64 = Debug|x64
		Debug|x86 = Debug|x86
		Release|x64 = Release|x64
		Release|x86 = Release|x86
	EndGlobalSection
	GlobalSection(ProjectConfigurationPlatforms) = postSolution
		{766156B1-D528-4FBD-8744-1C6EAEF2BC53}.Debug|x64.ActiveCfg = Debug|x64
		{766156B1-D528-4FBD-8744-1C6EAEF2BC53}.Debug|x64.Build.0 = Debug|x64
		{766156B1-D528-4FBD-8744-1C6EAEF2BC53}.Debug|x86.ActiveCfg = Debug|Win32
		{766156B1-D528-4FBD-8744-1C6EAEF2BC53}.Debug|x86.Build.0 = Debug|Win32
		{766156B1-D528-4FBD-8744-1C6EAEF2BC53}.Release|x64.ActiveCfg = Release|x64
		{766156B1-D528-4FBD-8744-1C6EAEF2BC53}.Release|x64.Build.0 = Release|x64
		{766156B1-D528-4FBD-8744-1C6EAEF2BC53}.Release|x86.ActiveCfg = Release|Win32
		{766156B1-D528-4FBD-8744-1C6EAEF2BC53}.Release|x86.Build.0 = Release|Win32
	EndGlobalSection
	GlobalSection(SolutionProperties) = preSolution
		HideSolutionNode = FALSE
	EndGlobalSection
	GlobalSection(ExtensibilityGlobals) = postSolution
		SolutionGuid = {A7881E5A-7217-44C9-8DD7-A04DE9F7AA07}
	EndGlobalSection
EndGlobal
