
Microsoft Visual Studio Solution File, Format Version 12.00
# Visual Studio 15
VisualStudioVersion = 15.0.28307.645
MinimumVisualStudioVersion = 10.0.40219.1
Project("{F184B08F-C81C-45F6-A57F-5ABD9991F28F}") = "Fat Percentage Calculator", "Fat Percentage Calculator\Fat Percentage Calculator.vbproj", "{D277CF0C-064B-4984-BCD4-270A4999CADB}"
EndProject
Global
	GlobalSection(SolutionConfigurationPlatforms) = preSolution
		Debug|Any CPU = Debug|Any CPU
		Release|Any CPU = Release|Any CPU
	EndGlobalSection
	GlobalSection(ProjectConfigurationPlatforms) = postSolution
		{D277CF0C-064B-4984-BCD4-270A4999CADB}.Debug|Any CPU.ActiveCfg = Debug|Any CPU
		{D277CF0C-064B-4984-BCD4-270A4999CADB}.Debug|Any CPU.Build.0 = Debug|Any CPU
		{D277CF0C-064B-4984-BCD4-270A4999CADB}.Release|Any CPU.ActiveCfg = Release|Any CPU
		{D277CF0C-064B-4984-BCD4-270A4999CADB}.Release|Any CPU.Build.0 = Release|Any CPU
	EndGlobalSection
	GlobalSection(SolutionProperties) = preSolution
		HideSolutionNode = FALSE
	EndGlobalSection
	GlobalSection(ExtensibilityGlobals) = postSolution
		SolutionGuid = {6499982E-74CE-4825-A74C-9253307E2B03}
	EndGlobalSection
EndGlobal
